// !$*UTF8*$!
{
	archiveVersion = 1;
	classes = {
	};
	objectVersion = 50;
	objects = {

/* Begin PBXBuildFile section */
		5B93021B21E0A5E400E07901 /* AppDelegate.swift in Sources */ = {isa = PBXBuildFile; fileRef = 5B93021A21E0A5E400E07901 /* AppDelegate.swift */; };
		5B93021D21E0A5E400E07901 /* ViewController.swift in Sources */ = {isa = PBXBuildFile; fileRef = 5B93021C21E0A5E400E07901 /* ViewController.swift */; };
		5B93022021E0A5E400E07901 /* Main.storyboard in Resources */ = {isa = PBXBuildFile; fileRef = 5B93021E21E0A5E400E07901 /* Main.storyboard */; };
		5B93022221E0A5E500E07901 /* Assets.xcassets in Resources */ = {isa = PBXBuildFile; fileRef = 5B93022121E0A5E500E07901 /* Assets.xcassets */; };
		5B93022521E0A5E500E07901 /* LaunchScreen.storyboard in Resources */ = {isa = PBXBuildFile; fileRef = 5B93022321E0A5E500E07901 /* LaunchScreen.storyboard */; };
		5B93023021E0A5E500E07901 /* SetCardGameTests.swift in Sources */ = {isa = PBXBuildFile; fileRef = 5B93022F21E0A5E500E07901 /* SetCardGameTests.swift */; };
		5B93023B21E0A60500E07901 /* SetCard.swift in Sources */ = {isa = PBXBuildFile; fileRef = 5B93023A21E0A60500E07901 /* SetCard.swift */; };
/* End PBXBuildFile section */

/* Begin PBXContainerItemProxy section */
		5B93022C21E0A5E500E07901 /* PBXContainerItemProxy */ = {
			isa = PBXContainerItemProxy;
			containerPortal = 5B93020F21E0A5E400E07901 /* Project object */;
			proxyType = 1;
			remoteGlobalIDString = 5B93021621E0A5E400E07901;
			remoteInfo = SetCardGame;
		};
/* End PBXContainerItemProxy section */

/* Begin PBXFileReference section */
		5B93021721E0A5E400E07901 /* SetCardGame.app */ = {isa = PBXFileReference; explicitFileType = wrapper.application; includeInIndex = 0; path = SetCardGame.app; sourceTree = BUILT_PRODUCTS_DIR; };
		5B93021A21E0A5E400E07901 /* AppDelegate.swift */ = {isa = PBXFileReference; lastKnownFileType = sourcecode.swift; path = AppDelegate.swift; sourceTree = "<group>"; };
		5B93021C21E0A5E400E07901 /* ViewController.swift */ = {isa = PBXFileReference; lastKnownFileType = sourcecode.swift; path = ViewController.swift; sourceTree = "<group>"; };
		5B93021F21E0A5E400E07901 /* Base */ = {isa = PBXFileReference; lastKnownFileType = file.storyboard; name = Base; path = Base.lproj/Main.storyboard; sourceTree = "<group>"; };
		5B93022121E0A5E500E07901 /* Assets.xcassets */ = {isa = PBXFileReference; lastKnownFileType = folder.assetcatalog; path = Assets.xcassets; sourceTree = "<group>"; };
		5B93022421E0A5E500E07901 /* Base */ = {isa = PBXFileReference; lastKnownFileType = file.storyboard; name = Base; path = Base.lproj/LaunchScreen.storyboard; sourceTree = "<group>"; };
		5B93022621E0A5E500E07901 /* Info.plist */ = {isa = PBXFileReference; lastKnownFileType = text.plist.xml; path = Info.plist; sourceTree = "<group>"; };
		5B93022B21E0A5E500E07901 /* SetCardGameTests.xctest */ = {isa = PBXFileReference; explicitFileType = wrapper.cfbundle; includeInIndex = 0; path = SetCardGameTests.xctest; sourceTree = BUILT_PRODUCTS_DIR; };
		5B93022F21E0A5E500E07901 /* SetCardGameTests.swift */ = {isa = PBXFileReference; lastKnownFileType = sourcecode.swift; path = SetCardGameTests.swift; sourceTree = "<group>"; };
		5B93023121E0A5E500E07901 /* Info.plist */ = {isa = PBXFileReference; lastKnownFileType = text.plist.xml; path = Info.plist; sourceTree = "<group>"; };
		5B93023A21E0A60500E07901 /* SetCard.swift */ = {isa = PBXFileReference; lastKnownFileType = sourcecode.swift; path = SetCard.swift; sourceTree = "<group>"; };
/* End PBXFileReference section */

/* Begin PBXFrameworksBuildPhase section */
		5B93021421E0A5E400E07901 /* Frameworks */ = {
			isa = PBXFrameworksBuildPhase;
			buildActionMask = 2147483647;
			files = (
			);
			runOnlyForDeploymentPostprocessing = 0;
		};
		5B93022821E0A5E500E07901 /* Frameworks */ = {
			isa = PBXFrameworksBuildPhase;
			buildActionMask = 2147483647;
			files = (
			);
			runOnlyForDeploymentPostprocessing = 0;
		};
/* End PBXFrameworksBuildPhase section */

/* Begin PBXGroup section */
		5B93020E21E0A5E400E07901 = {
			isa = PBXGroup;
			children = (
				5B93021921E0A5E400E07901 /* SetCardGame */,
				5B93022E21E0A5E500E07901 /* SetCardGameTests */,
				5B93021821E0A5E400E07901 /* Products */,
			);
			sourceTree = "<group>";
		};
		5B93021821E0A5E400E07901 /* Products */ = {
			isa = PBXGroup;
			children = (
				5B93021721E0A5E400E07901 /* SetCardGame.app */,
				5B93022B21E0A5E500E07901 /* SetCardGameTests.xctest */,
			);
			name = Products;
			sourceTree = "<group>";
		};
		5B93021921E0A5E400E07901 /* SetCardGame */ = {
			isa = PBXGroup;
			children = (
				5B93023A21E0A60500E07901 /* SetCard.swift */,
				5B93021A21E0A5E400E07901 /* AppDelegate.swift */,
				5B93021C21E0A5E400E07901 /* ViewController.swift */,
				5B93021E21E0A5E400E07901 /* Main.storyboard */,
				5B93022121E0A5E500E07901 /* Assets.xcassets */,
				5B93022321E0A5E500E07901 /* LaunchScreen.storyboard */,
				5B93022621E0A5E500E07901 /* Info.plist */,
			);
			path = SetCardGame;
			sourceTree = "<group>";
		};
		5B93022E21E0A5E500E07901 /* SetCardGameTests */ = {
			isa = PBXGroup;
			children = (
				5B93022F21E0A5E500E07901 /* SetCardGameTests.swift */,
				5B93023121E0A5E500E07901 /* Info.plist */,
			);
			path = SetCardGameTests;
			sourceTree = "<group>";
		};
/* End PBXGroup section */

/* Begin PBXNativeTarget section */
		5B93021621E0A5E400E07901 /* SetCardGame */ = {
			isa = PBXNativeTarget;
			buildConfigurationList = 5B93023421E0A5E600E07901 /* Build configuration list for PBXNativeTarget "SetCardGame" */;
			buildPhases = (
				5B93021321E0A5E400E07901 /* Sources */,
				5B93021421E0A5E400E07901 /* Frameworks */,
				5B93021521E0A5E400E07901 /* Resources */,
			);
			buildRules = (
			);
			dependencies = (
			);
			name = SetCardGame;
			productName = SetCardGame;
			productReference = 5B93021721E0A5E400E07901 /* SetCardGame.app */;
			productType = "com.apple.product-type.application";
		};
		5B93022A21E0A5E500E07901 /* SetCardGameTests */ = {
			isa = PBXNativeTarget;
			buildConfigurationList = 5B93023721E0A5E600E07901 /* Build configuration list for PBXNativeTarget "SetCardGameTests" */;
			buildPhases = (
				5B93022721E0A5E500E07901 /* Sources */,
				5B93022821E0A5E500E07901 /* Frameworks */,
				5B93022921E0A5E500E07901 /* Resources */,
			);
			buildRules = (
			);
			dependencies = (
				5B93022D21E0A5E500E07901 /* PBXTargetDependency */,
			);
			name = SetCardGameTests;
			productName = SetCardGameTests;
			productReference = 5B93022B21E0A5E500E07901 /* SetCardGameTests.xctest */;
			productType = "com.apple.product-type.bundle.unit-test";
		};
/* End PBXNativeTarget section */

/* Begin PBXProject section */
		5B93020F21E0A5E400E07901 /* Project object */ = {
			isa = PBXProject;
			attributes = {
				LastSwiftUpdateCheck = 1010;
				LastUpgradeCheck = 1010;
				ORGANIZATIONNAME = "Jasleen Arora Srivastava";
				TargetAttributes = {
					5B93021621E0A5E400E07901 = {
						CreatedOnToolsVersion = 10.1;
					};
					5B93022A21E0A5E500E07901 = {
						CreatedOnToolsVersion = 10.1;
						TestTargetID = 5B93021621E0A5E400E07901;
					};
				};
			};
			buildConfigurationList = 5B93021221E0A5E400E07901 /* Build configuration list for PBXProject "SetCardGame" */;
			compatibilityVersion = "Xcode 9.3";
			developmentRegion = en;
			hasScannedForEncodings = 0;
			knownRegions = (
				en,
				Base,
			);
			mainGroup = 5B93020E21E0A5E400E07901;
			productRefGroup = 5B93021821E0A5E400E07901 /* Products */;
			projectDirPath = "";
			projectRoot = "";
			targets = (
				5B93021621E0A5E400E07901 /* SetCardGame */,
				5B93022A21E0A5E500E07901 /* SetCardGameTests */,
			);
		};
/* End PBXProject section */

/* Begin PBXResourcesBuildPhase section */
		5B93021521E0A5E400E07901 /* Resources */ = {
			isa = PBXResourcesBuildPhase;
			buildActionMask = 2147483647;
			files = (
				5B93022521E0A5E500E07901 /* LaunchScreen.storyboard in Resources */,
				5B93022221E0A5E500E07901 /* Assets.xcassets in Resources */,
				5B93022021E0A5E400E07901 /* Main.storyboard in Resources */,
			);
			runOnlyForDeploymentPostprocessing = 0;
		};
		5B93022921E0A5E500E07901 /* Resources */ = {
			isa = PBXResourcesBuildPhase;
			buildActionMask = 2147483647;
			files = (
			);
			runOnlyForDeploymentPostprocessing = 0;
		};
/* End PBXResourcesBuildPhase section */

/* Begin PBXSourcesBuildPhase section */
		5B93021321E0A5E400E07901 /* Sources */ = {
			isa = PBXSourcesBuildPhase;
			buildActionMask = 2147483647;
			files = (
				5B93023B21E0A60500E07901 /* SetCard.swift in Sources */,
				5B93021D21E0A5E400E07901 /* ViewController.swift in Sources */,
				5B93021B21E0A5E400E07901 /* AppDelegate.swift in Sources */,
			);
			runOnlyForDeploymentPostprocessing = 0;
		};
		5B93022721E0A5E500E07901 /* Sources */ = {
			isa = PBXSourcesBuildPhase;
			buildActionMask = 2147483647;
			files = (
				5B93023021E0A5E500E07901 /* SetCardGameTests.swift in Sources */,
			);
			runOnlyForDeploymentPostprocessing = 0;
		};
/* End PBXSourcesBuildPhase section */

/* Begin PBXTargetDependency section */
		5B93022D21E0A5E500E07901 /* PBXTargetDependency */ = {
			isa = PBXTargetDependency;
			target = 5B93021621E0A5E400E07901 /* SetCardGame */;
			targetProxy = 5B93022C21E0A5E500E07901 /* PBXContainerItemProxy */;
		};
/* End PBXTargetDependency section */

/* Begin PBXVariantGroup section */
		5B93021E21E0A5E400E07901 /* Main.storyboard */ = {
			isa = PBXVariantGroup;
			children = (
				5B93021F21E0A5E400E07901 /* Base */,
			);
			name = Main.storyboard;
			sourceTree = "<group>";
		};
		5B93022321E0A5E500E07901 /* LaunchScreen.storyboard */ = {
			isa = PBXVariantGroup;
			children = (
				5B93022421E0A5E500E07901 /* Base */,
			);
			name = LaunchScreen.storyboard;
			sourceTree = "<group>";
		};
/* End PBXVariantGroup section */

/* Begin XCBuildConfiguration section */
		5B93023221E0A5E500E07901 /* Debug */ = {
			isa = XCBuildConfiguration;
			buildSettings = {
				ALWAYS_SEARCH_USER_PATHS = NO;
				CLANG_ANALYZER_NONNULL = YES;
				CLANG_ANALYZER_NUMBER_OBJECT_CONVERSION = YES_AGGRESSIVE;
				CLANG_CXX_LANGUAGE_STANDARD = "gnu++14";
				CLANG_CXX_LIBRARY = "libc++";
				CLANG_ENABLE_MODULES = YES;
				CLANG_ENABLE_OBJC_ARC = YES;
				CLANG_ENABLE_OBJC_WEAK = YES;
				CLANG_WARN_BLOCK_CAPTURE_AUTORELEASING = YES;
				CLANG_WARN_BOOL_CONVERSION = YES;
				CLANG_WARN_COMMA = YES;
				CLANG_WARN_CONSTANT_CONVERSION = YES;
				CLANG_WARN_DEPRECATED_OBJC_IMPLEMENTATIONS = YES;
				CLANG_WARN_DIRECT_OBJC_ISA_USAGE = YES_ERROR;
				CLANG_WARN_DOCUMENTATION_COMMENTS = YES;
				CLANG_WARN_EMPTY_BODY = YES;
				CLANG_WARN_ENUM_CONVERSION = YES;
				CLANG_WARN_INFINITE_RECURSION = YES;
				CLANG_WARN_INT_CONVERSION = YES;
				CLANG_WARN_NON_LITERAL_NULL_CONVERSION = YES;
				CLANG_WARN_OBJC_IMPLICIT_RETAIN_SELF = YES;
				CLANG_WARN_OBJC_LITERAL_CONVERSION = YES;
				CLANG_WARN_OBJC_ROOT_CLASS = YES_ERROR;
				CLANG_WARN_RANGE_LOOP_ANALYSIS = YES;
				CLANG_WARN_STRICT_PROTOTYPES = YES;
				CLANG_WARN_SUSPICIOUS_MOVE = YES;
				CLANG_WARN_UNGUARDED_AVAILABILITY = YES_AGGRESSIVE;
				CLANG_WARN_UNREACHABLE_CODE = YES;
				CLANG_WARN__DUPLICATE_METHOD_MATCH = YES;
				CODE_SIGN_IDENTITY = "iPhone Developer";
				COPY_PHASE_STRIP = NO;
				DEBUG_INFORMATION_FORMAT = dwarf;
				ENABLE_STRICT_OBJC_MSGSEND = YES;
				ENABLE_TESTABILITY = YES;
				GCC_C_LANGUAGE_STANDARD = gnu11;
				GCC_DYNAMIC_NO_PIC = NO;
				GCC_NO_COMMON_BLOCKS = YES;
				GCC_OPTIMIZATION_LEVEL = 0;
				GCC_PREPROCESSOR_DEFINITIONS = (
					"DEBUG=1",
					"$(inherited)",
				);
				GCC_WARN_64_TO_32_BIT_CONVERSION = YES;
				GCC_WARN_ABOUT_RETURN_TYPE = YES_ERROR;
				GCC_WARN_UNDECLARED_SELECTOR = YES;
				GCC_WARN_UNINITIALIZED_AUTOS = YES_AGGRESSIVE;
				GCC_WARN_UNUSED_FUNCTION = YES;
				GCC_WARN_UNUSED_VARIABLE = YES;
				IPHONEOS_DEPLOYMENT_TARGET = 12.1;
				MTL_ENABLE_DEBUG_INFO = INCLUDE_SOURCE;
				MTL_FAST_MATH = YES;
				ONLY_ACTIVE_ARCH = YES;
				SDKROOT = iphoneos;
				SWIFT_ACTIVE_COMPILATION_CONDITIONS = DEBUG;
				SWIFT_OPTIMIZATION_LEVEL = "-Onone";
			};
			name = Debug;
		};
		5B93023321E0A5E500E07901 /* Release */ = {
			isa = XCBuildConfiguration;
			buildSettings = {
				ALWAYS_SEARCH_USER_PATHS = NO;
				CLANG_ANALYZER_NONNULL = YES;
				CLANG_ANALYZER_NUMBER_OBJECT_CONVERSION = YES_AGGRESSIVE;
				CLANG_CXX_LANGUAGE_STANDARD = "gnu++14";
				CLANG_CXX_LIBRARY = "libc++";
				CLANG_ENABLE_MODULES = YES;
				CLANG_ENABLE_OBJC_ARC = YES;
				CLANG_ENABLE_OBJC_WEAK = YES;
				CLANG_WARN_BLOCK_CAPTURE_AUTORELEASING = YES;
				CLANG_WARN_BOOL_CONVERSION = YES;
				CLANG_WARN_COMMA = YES;
				CLANG_WARN_CONSTANT_CONVERSION = YES;
				CLANG_WARN_DEPRECATED_OBJC_IMPLEMENTATIONS = YES;
				CLANG_WARN_DIRECT_OBJC_ISA_USAGE = YES_ERROR;
				CLANG_WARN_DOCUMENTATION_COMMENTS = YES;
				CLANG_WARN_EMPTY_BODY = YES;
				CLANG_WARN_ENUM_CONVERSION = YES;
				CLANG_WARN_INFINITE_RECURSION = YES;
				CLANG_WARN_INT_CONVERSION = YES;
				CLANG_WARN_NON_LITERAL_NULL_CONVERSION = YES;
				CLANG_WARN_OBJC_IMPLICIT_RETAIN_SELF = YES;
				CLANG_WARN_OBJC_LITERAL_CONVERSION = YES;
				CLANG_WARN_OBJC_ROOT_CLASS = YES_ERROR;
				CLANG_WARN_RANGE_LOOP_ANALYSIS = YES;
				CLANG_WARN_STRICT_PROTOTYPES = YES;
				CLANG_WARN_SUSPICIOUS_MOVE = YES;
				CLANG_WARN_UNGUARDED_AVAILABILITY = YES_AGGRESSIVE;
				CLANG_WARN_UNREACHABLE_CODE = YES;
				CLANG_WARN__DUPLICATE_METHOD_MATCH = YES;
				CODE_SIGN_IDENTITY = "iPhone Developer";
				COPY_PHASE_STRIP = NO;
				DEBUG_INFORMATION_FORMAT = "dwarf-with-dsym";
				ENABLE_NS_ASSERTIONS = NO;
				ENABLE_STRICT_OBJC_MSGSEND = YES;
				GCC_C_LANGUAGE_STANDARD = gnu11;
				GCC_NO_COMMON_BLOCKS = YES;
				GCC_WARN_64_TO_32_BIT_CONVERSION = YES;
				GCC_WARN_ABOUT_RETURN_TYPE = YES_ERROR;
				GCC_WARN_UNDECLARED_SELECTOR = YES;
				GCC_WARN_UNINITIALIZED_AUTOS = YES_AGGRESSIVE;
				GCC_WARN_UNUSED_FUNCTION = YES;
				GCC_WARN_UNUSED_VARIABLE = YES;
				IPHONEOS_DEPLOYMENT_TARGET = 12.1;
				MTL_ENABLE_DEBUG_INFO = NO;
				MTL_FAST_MATH = YES;
				SDKROOT = iphoneos;
				SWIFT_COMPILATION_MODE = wholemodule;
				SWIFT_OPTIMIZATION_LEVEL = "-O";
				VALIDATE_PRODUCT = YES;
			};
			name = Release;
		};
		5B93023521E0A5E600E07901 /* Debug */ = {
			isa = XCBuildConfiguration;
			buildSettings = {
				ASSETCATALOG_COMPILER_APPICON_NAME = AppIcon;
				CODE_SIGN_STYLE = Automatic;
				DEVELOPMENT_TEAM = 4LW8G4H7B5;
				INFOPLIST_FILE = SetCardGame/Info.plist;
				LD_RUNPATH_SEARCH_PATHS = (
					"$(inherited)",
					"@executable_path/Frameworks",
				);
				PRODUCT_BUNDLE_IDENTIFIER = jasleen.SetCardGame;
				PRODUCT_NAME = "$(TARGET_NAME)";
				SWIFT_VERSION = 4.2;
				TARGETED_DEVICE_FAMILY = "1,2";
			};
			name = Debug;
		};
		5B93023621E0A5E600E07901 /* Release */ = {
			isa = XCBuildConfiguration;
			buildSettings = {
				ASSETCATALOG_COMPILER_APPICON_NAME = AppIcon;
				CODE_SIGN_STYLE = Automatic;
				DEVELOPMENT_TEAM = 4LW8G4H7B5;
				INFOPLIST_FILE = SetCardGame/Info.plist;
				LD_RUNPATH_SEARCH_PATHS = (
					"$(inherited)",
					"@executable_path/Frameworks",
				);
				PRODUCT_BUNDLE_IDENTIFIER = jasleen.SetCardGame;
				PRODUCT_NAME = "$(TARGET_NAME)";
				SWIFT_VERSION = 4.2;
				TARGETED_DEVICE_FAMILY = "1,2";
			};
			name = Release;
		};
		5B93023821E0A5E600E07901 /* Debug */ = {
			isa = XCBuildConfiguration;
			buildSettings = {
				ALWAYS_EMBED_SWIFT_STANDARD_LIBRARIES = YES;
				BUNDLE_LOADER = "$(TEST_HOST)";
				CODE_SIGN_STYLE = Automatic;
				DEVELOPMENT_TEAM = 4LW8G4H7B5;
				INFOPLIST_FILE = SetCardGameTests/Info.plist;
				LD_RUNPATH_SEARCH_PATHS = (
					"$(inherited)",
					"@executable_path/Frameworks",
					"@loader_path/Frameworks",
				);
				PRODUCT_BUNDLE_IDENTIFIER = jasleen.SetCardGameTests;
				PRODUCT_NAME = "$(TARGET_NAME)";
				SWIFT_VERSION = 4.2;
				TARGETED_DEVICE_FAMILY = "1,2";
				TEST_HOST = "$(BUILT_PRODUCTS_DIR)/SetCardGame.app/SetCardGame";
			};
			name = Debug;
		};
		5B93023921E0A5E600E07901 /* Release */ = {
			isa = XCBuildConfiguration;
			buildSettings = {
				ALWAYS_EMBED_SWIFT_STANDARD_LIBRARIES = YES;
				BUNDLE_LOADER = "$(TEST_HOST)";
				CODE_SIGN_STYLE = Automatic;
				DEVELOPMENT_TEAM = 4LW8G4H7B5;
				INFOPLIST_FILE = SetCardGameTests/Info.plist;
				LD_RUNPATH_SEARCH_PATHS = (
					"$(inherited)",
					"@executable_path/Frameworks",
					"@loader_path/Frameworks",
				);
				PRODUCT_BUNDLE_IDENTIFIER = jasleen.SetCardGameTests;
				PRODUCT_NAME = "$(TARGET_NAME)";
				SWIFT_VERSION = 4.2;
				TARGETED_DEVICE_FAMILY = "1,2";
				TEST_HOST = "$(BUILT_PRODUCTS_DIR)/SetCardGame.app/SetCardGame";
			};
			name = Release;
		};
/* End XCBuildConfiguration section */

/* Begin XCConfigurationList section */
		5B93021221E0A5E400E07901 /* Build configuration list for PBXProject "SetCardGame" */ = {
			isa = XCConfigurationList;
			buildConfigurations = (
				5B93023221E0A5E500E07901 /* Debug */,
				5B93023321E0A5E500E07901 /* Release */,
			);
			defaultConfigurationIsVisible = 0;
			defaultConfigurationName = Release;
		};
		5B93023421E0A5E600E07901 /* Build configuration list for PBXNativeTarget "SetCardGame" */ = {
			isa = XCConfigurationList;
			buildConfigurations = (
				5B93023521E0A5E600E07901 /* Debug */,
				5B93023621E0A5E600E07901 /* Release */,
			);
			defaultConfigurationIsVisible = 0;
			defaultConfigurationName = Release;
		};
		5B93023721E0A5E600E07901 /* Build configuration list for PBXNativeTarget "SetCardGameTests" */ = {
			isa = XCConfigurationList;
			buildConfigurations = (
				5B93023821E0A5E600E07901 /* Debug */,
				5B93023921E0A5E600E07901 /* Release */,
			);
			defaultConfigurationIsVisible = 0;
			defaultConfigurationName = Release;
		};
/* End XCConfigurationList section */
	};
	rootObject = 5B93020F21E0A5E400E07901 /* Project object */;
}
